
Microsoft Visual Studio Solution File, Format Version 12.00
# Visual Studio 15
VisualStudioVersion = 15.0.27703.2042
MinimumVisualStudioVersion = 10.0.40219.1
Project("{FAE04EC0-301F-11D3-BF4B-00C04F79EFBC}") = "MusicPlayer", "ConsoleApp1\MusicPlayer.csproj", "{19624E66-35ED-4B9D-98AE-2F23B32E1217}"
EndProject
Global
	GlobalSection(SolutionConfigurationPlatforms) = preSolution
		Debug|Any CPU = Debug|Any CPU
		Release|Any CPU = Release|Any CPU
	EndGlobalSection
	GlobalSection(ProjectConfigurationPlatforms) = postSolution
		{19624E66-35ED-4B9D-98AE-2F23B32E1217}.Debug|Any CPU.ActiveCfg = Debug|Any CPU
		{19624E66-35ED-4B9D-98AE-2F23B32E1217}.Debug|Any CPU.Build.0 = Debug|Any CPU
		{19624E66-35ED-4B9D-98AE-2F23B32E1217}.Release|Any CPU.ActiveCfg = Release|Any CPU
		{19624E66-35ED-4B9D-98AE-2F23B32E1217}.Release|Any CPU.Build.0 = Release|Any CPU
	EndGlobalSection
	GlobalSection(SolutionProperties) = preSolution
		HideSolutionNode = FALSE
	EndGlobalSection
	GlobalSection(ExtensibilityGlobals) = postSolution
		SolutionGuid = {D466F311-94AC-42AE-92ED-FAEBC99C88BF}
	EndGlobalSection
EndGlobal
